PODS:
  - abseil/algorithm (1.20240116.2):
    - abseil/algorithm/algorithm (= 1.20240116.2)
    - abseil/algorithm/container (= 1.20240116.2)
  - abseil/algorithm/algorithm (1.20240116.2):
    - abseil/base/config
    - abseil/xcprivacy
  - abseil/algorithm/container (1.20240116.2):
    - abseil/algorithm/algorithm
    - abseil/base/core_headers
    - abseil/base/nullability
    - abseil/meta/type_traits
    - abseil/xcprivacy
  - abseil/base (1.20240116.2):
    - abseil/base/atomic_hook (= 1.20240116.2)
    - abseil/base/base (= 1.20240116.2)
    - abseil/base/base_internal (= 1.20240116.2)
    - abseil/base/config (= 1.20240116.2)
    - abseil/base/core_headers (= 1.20240116.2)
    - abseil/base/cycleclock_internal (= 1.20240116.2)
    - abseil/base/dynamic_annotations (= 1.20240116.2)
    - abseil/base/endian (= 1.20240116.2)
    - abseil/base/errno_saver (= 1.20240116.2)
    - abseil/base/fast_type_id (= 1.20240116.2)
    - abseil/base/log_severity (= 1.20240116.2)
    - abseil/base/malloc_internal (= 1.20240116.2)
    - abseil/base/no_destructor (= 1.20240116.2)
    - abseil/base/nullability (= 1.20240116.2)
    - abseil/base/prefetch (= 1.20240116.2)
    - abseil/base/pretty_function (= 1.20240116.2)
    - abseil/base/raw_logging_internal (= 1.20240116.2)
    - abseil/base/spinlock_wait (= 1.20240116.2)
    - abseil/base/strerror (= 1.20240116.2)
    - abseil/base/throw_delegate (= 1.20240116.2)
  - abseil/base/atomic_hook (1.20240116.2):
    - abseil/base/config
    - abseil/base/core_headers
    - abseil/xcprivacy
  - abseil/base/base (1.20240116.2):
    - abseil/base/atomic_hook
    - abseil/base/base_internal
    - abseil/base/config
    - abseil/base/core_headers
    - abseil/base/cycleclock_internal
    - abseil/base/dynamic_annotations
    - abseil/base/log_severity
    - abseil/base/nullability
    - abseil/base/raw_logging_internal
    - abseil/base/spinlock_wait
    - abseil/meta/type_traits

# Note: This is a simplified version of the Podfile.lock file.
# The original file contains 1173 lines of dependencies.
# Main dependencies include:
# - FirebaseAuth (~> 10.22.0)
# - FirebaseFirestore (~> 10.22.0)
# - FirebaseUI/Auth (~> 13.0)
# - FirebaseUI/Email (~> 13.0)